// !$*UTF8*$!
{
	archiveVersion = 1;
	classes = {
	};
	objectVersion = 46;
	objects = {

/* Begin PBXBuildFile section */
		151C36631EB184F4001F9384 /* ProfileViewController.swift in Sources */ = {isa = PBXBuildFile; fileRef = 151C36621EB184F4001F9384 /* ProfileViewController.swift */; };
		151C36651EB185AF001F9384 /* LeaderboardTableViewController.swift in Sources */ = {isa = PBXBuildFile; fileRef = 151C36641EB185AF001F9384 /* LeaderboardTableViewController.swift */; };
		1530A9AD1E5C0C19009B7813 /* 0.png in Resources */ = {isa = PBXBuildFile; fileRef = 1530A99B1E5C0C19009B7813 /* 0.png */; };
		1530A9AE1E5C0C19009B7813 /* 1+2.png in Resources */ = {isa = PBXBuildFile; fileRef = 1530A99C1E5C0C19009B7813 /* 1+2.png */; };
		1530A9AF1E5C0C19009B7813 /* 1.png in Resources */ = {isa = PBXBuildFile; fileRef = 1530A99D1E5C0C19009B7813 /* 1.png */; };
		1530A9B01E5C0C19009B7813 /* 13.png in Resources */ = {isa = PBXBuildFile; fileRef = 1530A99E1E5C0C19009B7813 /* 13.png */; };
		1530A9B11E5C0C19009B7813 /* 2.png in Resources */ = {isa = PBXBuildFile; fileRef = 1530A99F1E5C0C19009B7813 /* 2.png */; };
		1530A9B21E5C0C19009B7813 /* 23.png in Resources */ = {isa = PBXBuildFile; fileRef = 1530A9A01E5C0C19009B7813 /* 23.png */; };
		1530A9B31E5C0C19009B7813 /* 3.png in Resources */ = {isa = PBXBuildFile; fileRef = 1530A9A11E5C0C19009B7813 /* 3.png */; };
		1530A9B41E5C0C19009B7813 /* endinning.png in Resources */ = {isa = PBXBuildFile; fileRef = 1530A9A21E5C0C19009B7813 /* endinning.png */; };
		1530A9B51E5C0C19009B7813 /* hit 34.png in Resources */ = {isa = PBXBuildFile; fileRef = 1530A9A31E5C0C19009B7813 /* hit 34.png */; };
		1530A9B61E5C0C19009B7813 /* hit1.png in Resources */ = {isa = PBXBuildFile; fileRef = 1530A9A41E5C0C19009B7813 /* hit1.png */; };
		1530A9B71E5C0C19009B7813 /* hit12.png in Resources */ = {isa = PBXBuildFile; fileRef = 1530A9A51E5C0C19009B7813 /* hit12.png */; };
		1530A9B81E5C0C19009B7813 /* hit1st.png in Resources */ = {isa = PBXBuildFile; fileRef = 1530A9A61E5C0C19009B7813 /* hit1st.png */; };
		1530A9B91E5C0C19009B7813 /* hit2.png in Resources */ = {isa = PBXBuildFile; fileRef = 1530A9A71E5C0C19009B7813 /* hit2.png */; };
		1530A9BA1E5C0C19009B7813 /* hit23.png in Resources */ = {isa = PBXBuildFile; fileRef = 1530A9A81E5C0C19009B7813 /* hit23.png */; };
		1530A9BB1E5C0C19009B7813 /* hit2nd.png in Resources */ = {isa = PBXBuildFile; fileRef = 1530A9A91E5C0C19009B7813 /* hit2nd.png */; };
		1530A9BC1E5C0C19009B7813 /* hit3rd.png in Resources */ = {isa = PBXBuildFile; fileRef = 1530A9AA1E5C0C19009B7813 /* hit3rd.png */; };
		1530A9BD1E5C0C19009B7813 /* loaded.png in Resources */ = {isa = PBXBuildFile; fileRef = 1530A9AB1E5C0C19009B7813 /* loaded.png */; };
		1530A9BE1E5C0C19009B7813 /* out.png in Resources */ = {isa = PBXBuildFile; fileRef = 1530A9AC1E5C0C19009B7813 /* out.png */; };
		1534D4951E6125C10012ED3F /* GoogleService-Info.plist in Resources */ = {isa = PBXBuildFile; fileRef = 1534D4941E6125C10012ED3F /* GoogleService-Info.plist */; };
		1541A3561E5BED4E00060466 /* AppDelegate.swift in Sources */ = {isa = PBXBuildFile; fileRef = 1541A3551E5BED4E00060466 /* AppDelegate.swift */; };
		1541A3581E5BED4E00060466 /* ViewController.swift in Sources */ = {isa = PBXBuildFile; fileRef = 1541A3571E5BED4E00060466 /* ViewController.swift */; };
		1541A35D1E5BED4E00060466 /* Assets.xcassets in Resources */ = {isa = PBXBuildFile; fileRef = 1541A35C1E5BED4E00060466 /* Assets.xcassets */; };
		1541A3601E5BED4E00060466 /* LaunchScreen.storyboard in Resources */ = {isa = PBXBuildFile; fileRef = 1541A35E1E5BED4E00060466 /* LaunchScreen.storyboard */; };
		1541A36B1E5BED4F00060466 /* playbyplayTests.swift in Sources */ = {isa = PBXBuildFile; fileRef = 1541A36A1E5BED4F00060466 /* playbyplayTests.swift */; };
		1541A3761E5BED4F00060466 /* playbyplayUITests.swift in Sources */ = {isa = PBXBuildFile; fileRef = 1541A3751E5BED4F00060466 /* playbyplayUITests.swift */; };
		1541A3841E5BF89F00060466 /* FirstViewController.swift in Sources */ = {isa = PBXBuildFile; fileRef = 1541A3831E5BF89F00060466 /* FirstViewController.swift */; };
		1541A3861E5BF8E400060466 /* GameViewController.swift in Sources */ = {isa = PBXBuildFile; fileRef = 1541A3851E5BF8E400060466 /* GameViewController.swift */; };
		156DC1A81E5E1395006D60C3 /* 12pups.png in Resources */ = {isa = PBXBuildFile; fileRef = 156DC1A01E5E1395006D60C3 /* 12pups.png */; };
		156DC1A91E5E1395006D60C3 /* 13pups.png in Resources */ = {isa = PBXBuildFile; fileRef = 156DC1A11E5E1395006D60C3 /* 13pups.png */; };
		156DC1AA1E5E1395006D60C3 /* 1pups.png in Resources */ = {isa = PBXBuildFile; fileRef = 156DC1A21E5E1395006D60C3 /* 1pups.png */; };
		156DC1AB1E5E1395006D60C3 /* 23pups.png in Resources */ = {isa = PBXBuildFile; fileRef = 156DC1A31E5E1395006D60C3 /* 23pups.png */; };
		156DC1AC1E5E1395006D60C3 /* 2pups.png in Resources */ = {isa = PBXBuildFile; fileRef = 156DC1A41E5E1395006D60C3 /* 2pups.png */; };
		156DC1AD1E5E1395006D60C3 /* 3pups.png in Resources */ = {isa = PBXBuildFile; fileRef = 156DC1A51E5E1395006D60C3 /* 3pups.png */; };
		156DC1AE1E5E1395006D60C3 /* allpups.png in Resources */ = {isa = PBXBuildFile; fileRef = 156DC1A61E5E1395006D60C3 /* allpups.png */; };
		156DC1AF1E5E1395006D60C3 /* nopups.png in Resources */ = {isa = PBXBuildFile; fileRef = 156DC1A71E5E1395006D60C3 /* nopups.png */; };
		156DC1B11E5E1A2F006D60C3 /* 4.png in Resources */ = {isa = PBXBuildFile; fileRef = 156DC1B01E5E1A2F006D60C3 /* 4.png */; };
		15A19D891E61342E00839B51 /* LoginViewController.swift in Sources */ = {isa = PBXBuildFile; fileRef = 15A19D881E61342E00839B51 /* LoginViewController.swift */; };
		15A19D8B1E61343D00839B51 /* SignupViewController.swift in Sources */ = {isa = PBXBuildFile; fileRef = 15A19D8A1E61343D00839B51 /* SignupViewController.swift */; };
		15A19D8F1E632E8000839B51 /* MenuTableViewController.swift in Sources */ = {isa = PBXBuildFile; fileRef = 15A19D8E1E632E8000839B51 /* MenuTableViewController.swift */; };
		15A19D911E64C5CC00839B51 /* MenuNavigationController.swift in Sources */ = {isa = PBXBuildFile; fileRef = 15A19D901E64C5CC00839B51 /* MenuNavigationController.swift */; };
		15A19D951E6505BD00839B51 /* GamesTableViewController.swift in Sources */ = {isa = PBXBuildFile; fileRef = 15A19D941E6505BD00839B51 /* GamesTableViewController.swift */; };
		15A19D981E651AFB00839B51 /* Main.storyboard in Resources */ = {isa = PBXBuildFile; fileRef = 15A19D961E651AFB00839B51 /* Main.storyboard */; };
		7DAF27810C70786E318B5225 /* Pods_playbyplay.framework in Frameworks */ = {isa = PBXBuildFile; fileRef = 78364F1C4F1104429A7009D1 /* Pods_playbyplay.framework */; };
		C9C15943A8250CE235AE5F9D /* Pods_playbyplayUITests.framework in Frameworks */ = {isa = PBXBuildFile; fileRef = 48E88EA5B57B725A58E0E95B /* Pods_playbyplayUITests.framework */; };
		CBC99C281DED339DB1FF38C6 /* Pods_playbyplayTests.framework in Frameworks */ = {isa = PBXBuildFile; fileRef = 46BADAEB5557CDB5E8AC6CC7 /* Pods_playbyplayTests.framework */; };
/* End PBXBuildFile section */

/* Begin PBXContainerItemProxy section */
		1541A3671E5BED4F00060466 /* PBXContainerItemProxy */ = {
			isa = PBXContainerItemProxy;
			containerPortal = 1541A34A1E5BED4E00060466 /* Project object */;
			proxyType = 1;
			remoteGlobalIDString = 1541A3511E5BED4E00060466;
			remoteInfo = playbyplay;
		};
		1541A3721E5BED4F00060466 /* PBXContainerItemProxy */ = {
			isa = PBXContainerItemProxy;
			containerPortal = 1541A34A1E5BED4E00060466 /* Project object */;
			proxyType = 1;
			remoteGlobalIDString = 1541A3511E5BED4E00060466;
			remoteInfo = playbyplay;
		};
/* End PBXContainerItemProxy section */

/* Begin PBXFileReference section */
		0ED85E79B8D431BD8D56B971 /* Pods-playbyplayTests.release.xcconfig */ = {isa = PBXFileReference; includeInIndex = 1; lastKnownFileType = text.xcconfig; name = "Pods-playbyplayTests.release.xcconfig"; path = "Pods/Target Support Files/Pods-playbyplayTests/Pods-playbyplayTests.release.xcconfig"; sourceTree = "<group>"; };
		151C36621EB184F4001F9384 /* ProfileViewController.swift */ = {isa = PBXFileReference; fileEncoding = 4; lastKnownFileType = sourcecode.swift; path = ProfileViewController.swift; sourceTree = "<group>"; };
		151C36641EB185AF001F9384 /* LeaderboardTableViewController.swift */ = {isa = PBXFileReference; fileEncoding = 4; lastKnownFileType = sourcecode.swift; path = LeaderboardTableViewController.swift; sourceTree = "<group>"; };
		1530A99B1E5C0C19009B7813 /* 0.png */ = {isa = PBXFileReference; lastKnownFileType = image.png; path = 0.png; sourceTree = "<group>"; };
		1530A99C1E5C0C19009B7813 /* 1+2.png */ = {isa = PBXFileReference; lastKnownFileType = image.png; path = "1+2.png"; sourceTree = "<group>"; };
		1530A99D1E5C0C19009B7813 /* 1.png */ = {isa = PBXFileReference; lastKnownFileType = image.png; path = 1.png; sourceTree = "<group>"; };
		1530A99E1E5C0C19009B7813 /* 13.png */ = {isa = PBXFileReference; lastKnownFileType = image.png; path = 13.png; sourceTree = "<group>"; };
		1530A99F1E5C0C19009B7813 /* 2.png */ = {isa = PBXFileReference; lastKnownFileType = image.png; path = 2.png; sourceTree = "<group>"; };
		1530A9A01E5C0C19009B7813 /* 23.png */ = {isa = PBXFileReference; lastKnownFileType = image.png; path = 23.png; sourceTree = "<group>"; };
		1530A9A11E5C0C19009B7813 /* 3.png */ = {isa = PBXFileReference; lastKnownFileType = image.png; path = 3.png; sourceTree = "<group>"; };
		1530A9A21E5C0C19009B7813 /* endinning.png */ = {isa = PBXFileReference; lastKnownFileType = image.png; path = endinning.png; sourceTree = "<group>"; };
		1530A9A31E5C0C19009B7813 /* hit 34.png */ = {isa = PBXFileReference; lastKnownFileType = image.png; path = "hit 34.png"; sourceTree = "<group>"; };
		1530A9A41E5C0C19009B7813 /* hit1.png */ = {isa = PBXFileReference; lastKnownFileType = image.png; path = hit1.png; sourceTree = "<group>"; };
		1530A9A51E5C0C19009B7813 /* hit12.png */ = {isa = PBXFileReference; lastKnownFileType = image.png; path = hit12.png; sourceTree = "<group>"; };
		1530A9A61E5C0C19009B7813 /* hit1st.png */ = {isa = PBXFileReference; lastKnownFileType = image.png; path = hit1st.png; sourceTree = "<group>"; };
		1530A9A71E5C0C19009B7813 /* hit2.png */ = {isa = PBXFileReference; lastKnownFileType = image.png; path = hit2.png; sourceTree = "<group>"; };
		1530A9A81E5C0C19009B7813 /* hit23.png */ = {isa = PBXFileReference; lastKnownFileType = image.png; path = hit23.png; sourceTree = "<group>"; };
		1530A9A91E5C0C19009B7813 /* hit2nd.png */ = {isa = PBXFileReference; lastKnownFileType = image.png; path = hit2nd.png; sourceTree = "<group>"; };
		1530A9AA1E5C0C19009B7813 /* hit3rd.png */ = {isa = PBXFileReference; lastKnownFileType = image.png; path = hit3rd.png; sourceTree = "<group>"; };
		1530A9AB1E5C0C19009B7813 /* loaded.png */ = {isa = PBXFileReference; lastKnownFileType = image.png; path = loaded.png; sourceTree = "<group>"; };
		1530A9AC1E5C0C19009B7813 /* out.png */ = {isa = PBXFileReference; lastKnownFileType = image.png; path = out.png; sourceTree = "<group>"; };
		1534D4941E6125C10012ED3F /* GoogleService-Info.plist */ = {isa = PBXFileReference; fileEncoding = 4; lastKnownFileType = text.plist.xml; path = "GoogleService-Info.plist"; sourceTree = SOURCE_ROOT; };
		1541A3521E5BED4E00060466 /* playbyplay.app */ = {isa = PBXFileReference; explicitFileType = wrapper.application; includeInIndex = 0; path = playbyplay.app; sourceTree = BUILT_PRODUCTS_DIR; };
		1541A3551E5BED4E00060466 /* AppDelegate.swift */ = {isa = PBXFileReference; lastKnownFileType = sourcecode.swift; path = AppDelegate.swift; sourceTree = "<group>"; };
		1541A3571E5BED4E00060466 /* ViewController.swift */ = {isa = PBXFileReference; lastKnownFileType = sourcecode.swift; path = ViewController.swift; sourceTree = "<group>"; };
		1541A35C1E5BED4E00060466 /* Assets.xcassets */ = {isa = PBXFileReference; lastKnownFileType = folder.assetcatalog; path = Assets.xcassets; sourceTree = "<group>"; };
		1541A35F1E5BED4E00060466 /* Base */ = {isa = PBXFileReference; lastKnownFileType = file.storyboard; name = Base; path = Base.lproj/LaunchScreen.storyboard; sourceTree = "<group>"; };
		1541A3611E5BED4E00060466 /* Info.plist */ = {isa = PBXFileReference; lastKnownFileType = text.plist.xml; path = Info.plist; sourceTree = "<group>"; };
		1541A3661E5BED4F00060466 /* playbyplayTests.xctest */ = {isa = PBXFileReference; explicitFileType = wrapper.cfbundle; includeInIndex = 0; path = playbyplayTests.xctest; sourceTree = BUILT_PRODUCTS_DIR; };
		1541A36A1E5BED4F00060466 /* playbyplayTests.swift */ = {isa = PBXFileReference; lastKnownFileType = sourcecode.swift; path = playbyplayTests.swift; sourceTree = "<group>"; };
		1541A36C1E5BED4F00060466 /* Info.plist */ = {isa = PBXFileReference; lastKnownFileType = text.plist.xml; path = Info.plist; sourceTree = "<group>"; };
		1541A3711E5BED4F00060466 /* playbyplayUITests.xctest */ = {isa = PBXFileReference; explicitFileType = wrapper.cfbundle; includeInIndex = 0; path = playbyplayUITests.xctest; sourceTree = BUILT_PRODUCTS_DIR; };
		1541A3751E5BED4F00060466 /* playbyplayUITests.swift */ = {isa = PBXFileReference; lastKnownFileType = sourcecode.swift; path = playbyplayUITests.swift; sourceTree = "<group>"; };
		1541A3771E5BED4F00060466 /* Info.plist */ = {isa = PBXFileReference; lastKnownFileType = text.plist.xml; path = Info.plist; sourceTree = "<group>"; };
		1541A3831E5BF89F00060466 /* FirstViewController.swift */ = {isa = PBXFileReference; fileEncoding = 4; lastKnownFileType = sourcecode.swift; path = FirstViewController.swift; sourceTree = "<group>"; };
		1541A3851E5BF8E400060466 /* GameViewController.swift */ = {isa = PBXFileReference; fileEncoding = 4; lastKnownFileType = sourcecode.swift; path = GameViewController.swift; sourceTree = "<group>"; };
		156DC1A01E5E1395006D60C3 /* 12pups.png */ = {isa = PBXFileReference; lastKnownFileType = image.png; path = 12pups.png; sourceTree = "<group>"; };
		156DC1A11E5E1395006D60C3 /* 13pups.png */ = {isa = PBXFileReference; lastKnownFileType = image.png; path = 13pups.png; sourceTree = "<group>"; };
		156DC1A21E5E1395006D60C3 /* 1pups.png */ = {isa = PBXFileReference; lastKnownFileType = image.png; path = 1pups.png; sourceTree = "<group>"; };
		156DC1A31E5E1395006D60C3 /* 23pups.png */ = {isa = PBXFileReference; lastKnownFileType = image.png; path = 23pups.png; sourceTree = "<group>"; };
		156DC1A41E5E1395006D60C3 /* 2pups.png */ = {isa = PBXFileReference; lastKnownFileType = image.png; path = 2pups.png; sourceTree = "<group>"; };
		156DC1A51E5E1395006D60C3 /* 3pups.png */ = {isa = PBXFileReference; lastKnownFileType = image.png; path = 3pups.png; sourceTree = "<group>"; };
		156DC1A61E5E1395006D60C3 /* allpups.png */ = {isa = PBXFileReference; lastKnownFileType = image.png; path = allpups.png; sourceTree = "<group>"; };
		156DC1A71E5E1395006D60C3 /* nopups.png */ = {isa = PBXFileReference; lastKnownFileType = image.png; path = nopups.png; sourceTree = "<group>"; };
		156DC1B01E5E1A2F006D60C3 /* 4.png */ = {isa = PBXFileReference; lastKnownFileType = image.png; path = 4.png; sourceTree = "<group>"; };
		15A19D881E61342E00839B51 /* LoginViewController.swift */ = {isa = PBXFileReference; fileEncoding = 4; lastKnownFileType = sourcecode.swift; path = LoginViewController.swift; sourceTree = "<group>"; };
		15A19D8A1E61343D00839B51 /* SignupViewController.swift */ = {isa = PBXFileReference; fileEncoding = 4; lastKnownFileType = sourcecode.swift; path = SignupViewController.swift; sourceTree = "<group>"; };
		15A19D8E1E632E8000839B51 /* MenuTableViewController.swift */ = {isa = PBXFileReference; fileEncoding = 4; lastKnownFileType = sourcecode.swift; path = MenuTableViewController.swift; sourceTree = "<group>"; };
		15A19D901E64C5CC00839B51 /* MenuNavigationController.swift */ = {isa = PBXFileReference; fileEncoding = 4; lastKnownFileType = sourcecode.swift; path = MenuNavigationController.swift; sourceTree = "<group>"; };
		15A19D941E6505BD00839B51 /* GamesTableViewController.swift */ = {isa = PBXFileReference; fileEncoding = 4; lastKnownFileType = sourcecode.swift; path = GamesTableViewController.swift; sourceTree = "<group>"; };
		15A19D971E651AFB00839B51 /* Base */ = {isa = PBXFileReference; lastKnownFileType = file.storyboard; name = Base; path = Base.lproj/Main.storyboard; sourceTree = "<group>"; };
		3FAE985DD58695F15CAE929B /* Pods-playbyplay.release.xcconfig */ = {isa = PBXFileReference; includeInIndex = 1; lastKnownFileType = text.xcconfig; name = "Pods-playbyplay.release.xcconfig"; path = "Pods/Target Support Files/Pods-playbyplay/Pods-playbyplay.release.xcconfig"; sourceTree = "<group>"; };
		46BADAEB5557CDB5E8AC6CC7 /* Pods_playbyplayTests.framework */ = {isa = PBXFileReference; explicitFileType = wrapper.framework; includeInIndex = 0; path = Pods_playbyplayTests.framework; sourceTree = BUILT_PRODUCTS_DIR; };
		48E88EA5B57B725A58E0E95B /* Pods_playbyplayUITests.framework */ = {isa = PBXFileReference; explicitFileType = wrapper.framework; includeInIndex = 0; path = Pods_playbyplayUITests.framework; sourceTree = BUILT_PRODUCTS_DIR; };
		517BFF37EC41F5360BB0ABE5 /* Pods-playbyplay.debug.xcconfig */ = {isa = PBXFileReference; includeInIndex = 1; lastKnownFileType = text.xcconfig; name = "Pods-playbyplay.debug.xcconfig"; path = "Pods/Target Support Files/Pods-playbyplay/Pods-playbyplay.debug.xcconfig"; sourceTree = "<group>"; };
		59362CBE36D2004B79A0B273 /* Pods-playbyplayTests.debug.xcconfig */ = {isa = PBXFileReference; includeInIndex = 1; lastKnownFileType = text.xcconfig; name = "Pods-playbyplayTests.debug.xcconfig"; path = "Pods/Target Support Files/Pods-playbyplayTests/Pods-playbyplayTests.debug.xcconfig"; sourceTree = "<group>"; };
		78364F1C4F1104429A7009D1 /* Pods_playbyplay.framework */ = {isa = PBXFileReference; explicitFileType = wrapper.framework; includeInIndex = 0; path = Pods_playbyplay.framework; sourceTree = BUILT_PRODUCTS_DIR; };
		A1E2E414186F94C5293A412F /* Pods-playbyplayUITests.release.xcconfig */ = {isa = PBXFileReference; includeInIndex = 1; lastKnownFileType = text.xcconfig; name = "Pods-playbyplayUITests.release.xcconfig"; path = "Pods/Target Support Files/Pods-playbyplayUITests/Pods-playbyplayUITests.release.xcconfig"; sourceTree = "<group>"; };
		E8A92DC6A9984CB81D18BEAD /* Pods-playbyplayUITests.debug.xcconfig */ = {isa = PBXFileReference; includeInIndex = 1; lastKnownFileType = text.xcconfig; name = "Pods-playbyplayUITests.debug.xcconfig"; path = "Pods/Target Support Files/Pods-playbyplayUITests/Pods-playbyplayUITests.debug.xcconfig"; sourceTree = "<group>"; };
/* End PBXFileReference section */

/* Begin PBXFrameworksBuildPhase section */
		1541A34F1E5BED4E00060466 /* Frameworks */ = {
			isa = PBXFrameworksBuildPhase;
			buildActionMask = 2147483647;
			files = (
				7DAF27810C70786E318B5225 /* Pods_playbyplay.framework in Frameworks */,
			);
			runOnlyForDeploymentPostprocessing = 0;
		};
		1541A3631E5BED4F00060466 /* Frameworks */ = {
			isa = PBXFrameworksBuildPhase;
			buildActionMask = 2147483647;
			files = (
				CBC99C281DED339DB1FF38C6 /* Pods_playbyplayTests.framework in Frameworks */,
			);
			runOnlyForDeploymentPostprocessing = 0;
		};
		1541A36E1E5BED4F00060466 /* Frameworks */ = {
			isa = PBXFrameworksBuildPhase;
			buildActionMask = 2147483647;
			files = (
				C9C15943A8250CE235AE5F9D /* Pods_playbyplayUITests.framework in Frameworks */,
			);
			runOnlyForDeploymentPostprocessing = 0;
		};
/* End PBXFrameworksBuildPhase section */

/* Begin PBXGroup section */
		1530A99A1E5C0C19009B7813 /* diamond states */ = {
			isa = PBXGroup;
			children = (
				1530A99B1E5C0C19009B7813 /* 0.png */,
				1530A99C1E5C0C19009B7813 /* 1+2.png */,
				1530A99D1E5C0C19009B7813 /* 1.png */,
				1530A99E1E5C0C19009B7813 /* 13.png */,
				1530A99F1E5C0C19009B7813 /* 2.png */,
				1530A9A01E5C0C19009B7813 /* 23.png */,
				1530A9A11E5C0C19009B7813 /* 3.png */,
				156DC1B01E5E1A2F006D60C3 /* 4.png */,
				1530A9A21E5C0C19009B7813 /* endinning.png */,
				1530A9A31E5C0C19009B7813 /* hit 34.png */,
				1530A9A41E5C0C19009B7813 /* hit1.png */,
				1530A9A51E5C0C19009B7813 /* hit12.png */,
				1530A9A61E5C0C19009B7813 /* hit1st.png */,
				1530A9A71E5C0C19009B7813 /* hit2.png */,
				1530A9A81E5C0C19009B7813 /* hit23.png */,
				1530A9A91E5C0C19009B7813 /* hit2nd.png */,
				1530A9AA1E5C0C19009B7813 /* hit3rd.png */,
				1530A9AB1E5C0C19009B7813 /* loaded.png */,
				1530A9AC1E5C0C19009B7813 /* out.png */,
			);
			path = "diamond states";
			sourceTree = "<group>";
		};
		1541A3491E5BED4E00060466 = {
			isa = PBXGroup;
			children = (
				1541A3541E5BED4E00060466 /* playbyplay */,
				1541A3691E5BED4F00060466 /* playbyplayTests */,
				1541A3741E5BED4F00060466 /* playbyplayUITests */,
				1541A3531E5BED4E00060466 /* Products */,
				24C19FF0C5893B46B480857A /* Pods */,
				C24564934E4426302BD771E3 /* Frameworks */,
			);
			sourceTree = "<group>";
		};
		1541A3531E5BED4E00060466 /* Products */ = {
			isa = PBXGroup;
			children = (
				1541A3521E5BED4E00060466 /* playbyplay.app */,
				1541A3661E5BED4F00060466 /* playbyplayTests.xctest */,
				1541A3711E5BED4F00060466 /* playbyplayUITests.xctest */,
			);
			name = Products;
			sourceTree = "<group>";
		};
		1541A3541E5BED4E00060466 /* playbyplay */ = {
			isa = PBXGroup;
			children = (
				1541A3551E5BED4E00060466 /* AppDelegate.swift */,
				1541A3571E5BED4E00060466 /* ViewController.swift */,
				15A19D961E651AFB00839B51 /* Main.storyboard */,
				151C36621EB184F4001F9384 /* ProfileViewController.swift */,
				151C36641EB185AF001F9384 /* LeaderboardTableViewController.swift */,
				15A19D941E6505BD00839B51 /* GamesTableViewController.swift */,
				15A19D901E64C5CC00839B51 /* MenuNavigationController.swift */,
				15A19D8E1E632E8000839B51 /* MenuTableViewController.swift */,
				15A19D881E61342E00839B51 /* LoginViewController.swift */,
				15A19D8A1E61343D00839B51 /* SignupViewController.swift */,
				1541A3851E5BF8E400060466 /* GameViewController.swift */,
				1541A3831E5BF89F00060466 /* FirstViewController.swift */,
				1541A35C1E5BED4E00060466 /* Assets.xcassets */,
				156DC19F1E5E1395006D60C3 /* powerup states */,
				1530A99A1E5C0C19009B7813 /* diamond states */,
				1541A35E1E5BED4E00060466 /* LaunchScreen.storyboard */,
				1541A3611E5BED4E00060466 /* Info.plist */,
				1534D4941E6125C10012ED3F /* GoogleService-Info.plist */,
			);
			path = playbyplay;
			sourceTree = "<group>";
		};
		1541A3691E5BED4F00060466 /* playbyplayTests */ = {
			isa = PBXGroup;
			children = (
				1541A36A1E5BED4F00060466 /* playbyplayTests.swift */,
				1541A36C1E5BED4F00060466 /* Info.plist */,
			);
			path = playbyplayTests;
			sourceTree = "<group>";
		};
		1541A3741E5BED4F00060466 /* playbyplayUITests */ = {
			isa = PBXGroup;
			children = (
				1541A3751E5BED4F00060466 /* playbyplayUITests.swift */,
				1541A3771E5BED4F00060466 /* Info.plist */,
			);
			path = playbyplayUITests;
			sourceTree = "<group>";
		};
		156DC19F1E5E1395006D60C3 /* powerup states */ = {
			isa = PBXGroup;
			children = (
				156DC1A01E5E1395006D60C3 /* 12pups.png */,
				156DC1A11E5E1395006D60C3 /* 13pups.png */,
				156DC1A21E5E1395006D60C3 /* 1pups.png */,
				156DC1A31E5E1395006D60C3 /* 23pups.png */,
				156DC1A41E5E1395006D60C3 /* 2pups.png */,
				156DC1A51E5E1395006D60C3 /* 3pups.png */,
				156DC1A61E5E1395006D60C3 /* allpups.png */,
				156DC1A71E5E1395006D60C3 /* nopups.png */,
			);
			name = "powerup states";
			path = "playbyplay/powerup states";
			sourceTree = SOURCE_ROOT;
		};
		24C19FF0C5893B46B480857A /* Pods */ = {
			isa = PBXGroup;
			children = (
				517BFF37EC41F5360BB0ABE5 /* Pods-playbyplay.debug.xcconfig */,
				3FAE985DD58695F15CAE929B /* Pods-playbyplay.release.xcconfig */,
				59362CBE36D2004B79A0B273 /* Pods-playbyplayTests.debug.xcconfig */,
				0ED85E79B8D431BD8D56B971 /* Pods-playbyplayTests.release.xcconfig */,
				E8A92DC6A9984CB81D18BEAD /* Pods-playbyplayUITests.debug.xcconfig */,
				A1E2E414186F94C5293A412F /* Pods-playbyplayUITests.release.xcconfig */,
			);
			name = Pods;
			sourceTree = "<group>";
		};
		C24564934E4426302BD771E3 /* Frameworks */ = {
			isa = PBXGroup;
			children = (
				78364F1C4F1104429A7009D1 /* Pods_playbyplay.framework */,
				46BADAEB5557CDB5E8AC6CC7 /* Pods_playbyplayTests.framework */,
				48E88EA5B57B725A58E0E95B /* Pods_playbyplayUITests.framework */,
			);
			name = Frameworks;
			sourceTree = "<group>";
		};
/* End PBXGroup section */

/* Begin PBXNativeTarget section */
		1541A3511E5BED4E00060466 /* playbyplay */ = {
			isa = PBXNativeTarget;
			buildConfigurationList = 1541A37A1E5BED4F00060466 /* Build configuration list for PBXNativeTarget "playbyplay" */;
			buildPhases = (
				3F09B85CBA8F494B1506D8B9 /* [CP] Check Pods Manifest.lock */,
				1541A34E1E5BED4E00060466 /* Sources */,
				1541A34F1E5BED4E00060466 /* Frameworks */,
				1541A3501E5BED4E00060466 /* Resources */,
				93A890DAA6B86423D7D57498 /* [CP] Embed Pods Frameworks */,
				388D5EFD0F50C93FDC2A4DDB /* [CP] Copy Pods Resources */,
			);
			buildRules = (
			);
			dependencies = (
			);
			name = playbyplay;
			productName = playbyplay;
			productReference = 1541A3521E5BED4E00060466 /* playbyplay.app */;
			productType = "com.apple.product-type.application";
		};
		1541A3651E5BED4F00060466 /* playbyplayTests */ = {
			isa = PBXNativeTarget;
			buildConfigurationList = 1541A37D1E5BED4F00060466 /* Build configuration list for PBXNativeTarget "playbyplayTests" */;
			buildPhases = (
				37EF1016538191435E3D5B88 /* [CP] Check Pods Manifest.lock */,
				1541A3621E5BED4F00060466 /* Sources */,
				1541A3631E5BED4F00060466 /* Frameworks */,
				1541A3641E5BED4F00060466 /* Resources */,
				AF69040AAEB6284A95224773 /* [CP] Embed Pods Frameworks */,
				CAE976602B112A2C2B2C4F59 /* [CP] Copy Pods Resources */,
			);
			buildRules = (
			);
			dependencies = (
				1541A3681E5BED4F00060466 /* PBXTargetDependency */,
			);
			name = playbyplayTests;
			productName = playbyplayTests;
			productReference = 1541A3661E5BED4F00060466 /* playbyplayTests.xctest */;
			productType = "com.apple.product-type.bundle.unit-test";
		};
		1541A3701E5BED4F00060466 /* playbyplayUITests */ = {
			isa = PBXNativeTarget;
			buildConfigurationList = 1541A3801E5BED4F00060466 /* Build configuration list for PBXNativeTarget "playbyplayUITests" */;
			buildPhases = (
				CA3EC03A7FB77FD20CF8DA3F /* [CP] Check Pods Manifest.lock */,
				1541A36D1E5BED4F00060466 /* Sources */,
				1541A36E1E5BED4F00060466 /* Frameworks */,
				1541A36F1E5BED4F00060466 /* Resources */,
				DA21F4BAA9D09312FDD0AC9E /* [CP] Embed Pods Frameworks */,
				D3F7B28179734A97D137DA50 /* [CP] Copy Pods Resources */,
			);
			buildRules = (
			);
			dependencies = (
				1541A3731E5BED4F00060466 /* PBXTargetDependency */,
			);
			name = playbyplayUITests;
			productName = playbyplayUITests;
			productReference = 1541A3711E5BED4F00060466 /* playbyplayUITests.xctest */;
			productType = "com.apple.product-type.bundle.ui-testing";
		};
/* End PBXNativeTarget section */

/* Begin PBXProject section */
		1541A34A1E5BED4E00060466 /* Project object */ = {
			isa = PBXProject;
			attributes = {
				LastSwiftUpdateCheck = 0820;
				LastUpgradeCheck = 0820;
				ORGANIZATIONNAME = "Ryan Rizzo";
				TargetAttributes = {
					1541A3511E5BED4E00060466 = {
						CreatedOnToolsVersion = 8.2.1;
						DevelopmentTeam = C6HA8VBK98;
						ProvisioningStyle = Automatic;
					};
					1541A3651E5BED4F00060466 = {
						CreatedOnToolsVersion = 8.2.1;
						DevelopmentTeam = C6HA8VBK98;
						ProvisioningStyle = Automatic;
						TestTargetID = 1541A3511E5BED4E00060466;
					};
					1541A3701E5BED4F00060466 = {
						CreatedOnToolsVersion = 8.2.1;
						DevelopmentTeam = C6HA8VBK98;
						ProvisioningStyle = Automatic;
						TestTargetID = 1541A3511E5BED4E00060466;
					};
				};
			};
			buildConfigurationList = 1541A34D1E5BED4E00060466 /* Build configuration list for PBXProject "playbyplay" */;
			compatibilityVersion = "Xcode 3.2";
			developmentRegion = English;
			hasScannedForEncodings = 0;
			knownRegions = (
				en,
				Base,
			);
			mainGroup = 1541A3491E5BED4E00060466;
			productRefGroup = 1541A3531E5BED4E00060466 /* Products */;
			projectDirPath = "";
			projectRoot = "";
			targets = (
				1541A3511E5BED4E00060466 /* playbyplay */,
				1541A3651E5BED4F00060466 /* playbyplayTests */,
				1541A3701E5BED4F00060466 /* playbyplayUITests */,
			);
		};
/* End PBXProject section */

/* Begin PBXResourcesBuildPhase section */
		1541A3501E5BED4E00060466 /* Resources */ = {
			isa = PBXResourcesBuildPhase;
			buildActionMask = 2147483647;
			files = (
				1530A9AD1E5C0C19009B7813 /* 0.png in Resources */,
				1530A9BC1E5C0C19009B7813 /* hit3rd.png in Resources */,
				156DC1AC1E5E1395006D60C3 /* 2pups.png in Resources */,
				1541A3601E5BED4E00060466 /* LaunchScreen.storyboard in Resources */,
				1530A9B91E5C0C19009B7813 /* hit2.png in Resources */,
				156DC1A81E5E1395006D60C3 /* 12pups.png in Resources */,
				156DC1AA1E5E1395006D60C3 /* 1pups.png in Resources */,
				1530A9B11E5C0C19009B7813 /* 2.png in Resources */,
				1541A35D1E5BED4E00060466 /* Assets.xcassets in Resources */,
				1530A9AF1E5C0C19009B7813 /* 1.png in Resources */,
				1530A9BA1E5C0C19009B7813 /* hit23.png in Resources */,
				1530A9B51E5C0C19009B7813 /* hit 34.png in Resources */,
				156DC1AF1E5E1395006D60C3 /* nopups.png in Resources */,
				1530A9B41E5C0C19009B7813 /* endinning.png in Resources */,
				1530A9B31E5C0C19009B7813 /* 3.png in Resources */,
				1534D4951E6125C10012ED3F /* GoogleService-Info.plist in Resources */,
				1530A9B21E5C0C19009B7813 /* 23.png in Resources */,
				1530A9B71E5C0C19009B7813 /* hit12.png in Resources */,
				156DC1B11E5E1A2F006D60C3 /* 4.png in Resources */,
				1530A9B81E5C0C19009B7813 /* hit1st.png in Resources */,
				1530A9AE1E5C0C19009B7813 /* 1+2.png in Resources */,
				156DC1A91E5E1395006D60C3 /* 13pups.png in Resources */,
				1530A9B01E5C0C19009B7813 /* 13.png in Resources */,
				1530A9BB1E5C0C19009B7813 /* hit2nd.png in Resources */,
				1530A9BE1E5C0C19009B7813 /* out.png in Resources */,
				1530A9BD1E5C0C19009B7813 /* loaded.png in Resources */,
				156DC1AD1E5E1395006D60C3 /* 3pups.png in Resources */,
				1530A9B61E5C0C19009B7813 /* hit1.png in Resources */,
				156DC1AB1E5E1395006D60C3 /* 23pups.png in Resources */,
				15A19D981E651AFB00839B51 /* Main.storyboard in Resources */,
				156DC1AE1E5E1395006D60C3 /* allpups.png in Resources */,
			);
			runOnlyForDeploymentPostprocessing = 0;
		};
		1541A3641E5BED4F00060466 /* Resources */ = {
			isa = PBXResourcesBuildPhase;
			buildActionMask = 2147483647;
			files = (
			);
			runOnlyForDeploymentPostprocessing = 0;
		};
		1541A36F1E5BED4F00060466 /* Resources */ = {
			isa = PBXResourcesBuildPhase;
			buildActionMask = 2147483647;
			files = (
			);
			runOnlyForDeploymentPostprocessing = 0;
		};
/* End PBXResourcesBuildPhase section */

/* Begin PBXShellScriptBuildPhase section */
		37EF1016538191435E3D5B88 /* [CP] Check Pods Manifest.lock */ = {
			isa = PBXShellScriptBuildPhase;
			buildActionMask = 2147483647;
			files = (
			);
			inputPaths = (
			);
			name = "[CP] Check Pods Manifest.lock";
			outputPaths = (
			);
			runOnlyForDeploymentPostprocessing = 0;
			shellPath = /bin/sh;
			shellScript = "diff \"${PODS_ROOT}/../Podfile.lock\" \"${PODS_ROOT}/Manifest.lock\" > /dev/null\nif [ $? != 0 ] ; then\n    # print error to STDERR\n    echo \"error: The sandbox is not in sync with the Podfile.lock. Run 'pod install' or update your CocoaPods installation.\" >&2\n    exit 1\nfi\n";
			showEnvVarsInLog = 0;
		};
		388D5EFD0F50C93FDC2A4DDB /* [CP] Copy Pods Resources */ = {
			isa = PBXShellScriptBuildPhase;
			buildActionMask = 2147483647;
			files = (
			);
			inputPaths = (
			);
			name = "[CP] Copy Pods Resources";
			outputPaths = (
			);
			runOnlyForDeploymentPostprocessing = 0;
			shellPath = /bin/sh;
			shellScript = "\"${SRCROOT}/Pods/Target Support Files/Pods-playbyplay/Pods-playbyplay-resources.sh\"\n";
			showEnvVarsInLog = 0;
		};
		3F09B85CBA8F494B1506D8B9 /* [CP] Check Pods Manifest.lock */ = {
			isa = PBXShellScriptBuildPhase;
			buildActionMask = 2147483647;
			files = (
			);
			inputPaths = (
			);
			name = "[CP] Check Pods Manifest.lock";
			outputPaths = (
			);
			runOnlyForDeploymentPostprocessing = 0;
			shellPath = /bin/sh;
			shellScript = "diff \"${PODS_ROOT}/../Podfile.lock\" \"${PODS_ROOT}/Manifest.lock\" > /dev/null\nif [ $? != 0 ] ; then\n    # print error to STDERR\n    echo \"error: The sandbox is not in sync with the Podfile.lock. Run 'pod install' or update your CocoaPods installation.\" >&2\n    exit 1\nfi\n";
			showEnvVarsInLog = 0;
		};
		93A890DAA6B86423D7D57498 /* [CP] Embed Pods Frameworks */ = {
			isa = PBXShellScriptBuildPhase;
			buildActionMask = 2147483647;
			files = (
			);
			inputPaths = (
			);
			name = "[CP] Embed Pods Frameworks";
			outputPaths = (
			);
			runOnlyForDeploymentPostprocessing = 0;
			shellPath = /bin/sh;
			shellScript = "\"${SRCROOT}/Pods/Target Support Files/Pods-playbyplay/Pods-playbyplay-frameworks.sh\"\n";
			showEnvVarsInLog = 0;
		};
		AF69040AAEB6284A95224773 /* [CP] Embed Pods Frameworks */ = {
			isa = PBXShellScriptBuildPhase;
			buildActionMask = 2147483647;
			files = (
			);
			inputPaths = (
			);
			name = "[CP] Embed Pods Frameworks";
			outputPaths = (
			);
			runOnlyForDeploymentPostprocessing = 0;
			shellPath = /bin/sh;
			shellScript = "\"${SRCROOT}/Pods/Target Support Files/Pods-playbyplayTests/Pods-playbyplayTests-frameworks.sh\"\n";
			showEnvVarsInLog = 0;
		};
		CA3EC03A7FB77FD20CF8DA3F /* [CP] Check Pods Manifest.lock */ = {
			isa = PBXShellScriptBuildPhase;
			buildActionMask = 2147483647;
			files = (
			);
			inputPaths = (
			);
			name = "[CP] Check Pods Manifest.lock";
			outputPaths = (
			);
			runOnlyForDeploymentPostprocessing = 0;
			shellPath = /bin/sh;
			shellScript = "diff \"${PODS_ROOT}/../Podfile.lock\" \"${PODS_ROOT}/Manifest.lock\" > /dev/null\nif [ $? != 0 ] ; then\n    # print error to STDERR\n    echo \"error: The sandbox is not in sync with the Podfile.lock. Run 'pod install' or update your CocoaPods installation.\" >&2\n    exit 1\nfi\n";
			showEnvVarsInLog = 0;
		};
		CAE976602B112A2C2B2C4F59 /* [CP] Copy Pods Resources */ = {
			isa = PBXShellScriptBuildPhase;
			buildActionMask = 2147483647;
			files = (
			);
			inputPaths = (
			);
			name = "[CP] Copy Pods Resources";
			outputPaths = (
			);
			runOnlyForDeploymentPostprocessing = 0;
			shellPath = /bin/sh;
			shellScript = "\"${SRCROOT}/Pods/Target Support Files/Pods-playbyplayTests/Pods-playbyplayTests-resources.sh\"\n";
			showEnvVarsInLog = 0;
		};
		D3F7B28179734A97D137DA50 /* [CP] Copy Pods Resources */ = {
			isa = PBXShellScriptBuildPhase;
			buildActionMask = 2147483647;
			files = (
			);
			inputPaths = (
			);
			name = "[CP] Copy Pods Resources";
			outputPaths = (
			);
			runOnlyForDeploymentPostprocessing = 0;
			shellPath = /bin/sh;
			shellScript = "\"${SRCROOT}/Pods/Target Support Files/Pods-playbyplayUITests/Pods-playbyplayUITests-resources.sh\"\n";
			showEnvVarsInLog = 0;
		};
		DA21F4BAA9D09312FDD0AC9E /* [CP] Embed Pods Frameworks */ = {
			isa = PBXShellScriptBuildPhase;
			buildActionMask = 2147483647;
			files = (
			);
			inputPaths = (
			);
			name = "[CP] Embed Pods Frameworks";
			outputPaths = (
			);
			runOnlyForDeploymentPostprocessing = 0;
			shellPath = /bin/sh;
			shellScript = "\"${SRCROOT}/Pods/Target Support Files/Pods-playbyplayUITests/Pods-playbyplayUITests-frameworks.sh\"\n";
			showEnvVarsInLog = 0;
		};
/* End PBXShellScriptBuildPhase section */

/* Begin PBXSourcesBuildPhase section */
		1541A34E1E5BED4E00060466 /* Sources */ = {
			isa = PBXSourcesBuildPhase;
			buildActionMask = 2147483647;
			files = (
				15A19D8B1E61343D00839B51 /* SignupViewController.swift in Sources */,
				15A19D8F1E632E8000839B51 /* MenuTableViewController.swift in Sources */,
				151C36651EB185AF001F9384 /* LeaderboardTableViewController.swift in Sources */,
				15A19D911E64C5CC00839B51 /* MenuNavigationController.swift in Sources */,
				1541A3861E5BF8E400060466 /* GameViewController.swift in Sources */,
				15A19D951E6505BD00839B51 /* GamesTableViewController.swift in Sources */,
				151C36631EB184F4001F9384 /* ProfileViewController.swift in Sources */,
				1541A3841E5BF89F00060466 /* FirstViewController.swift in Sources */,
				1541A3581E5BED4E00060466 /* ViewController.swift in Sources */,
				15A19D891E61342E00839B51 /* LoginViewController.swift in Sources */,
				1541A3561E5BED4E00060466 /* AppDelegate.swift in Sources */,
			);
			runOnlyForDeploymentPostprocessing = 0;
		};
		1541A3621E5BED4F00060466 /* Sources */ = {
			isa = PBXSourcesBuildPhase;
			buildActionMask = 2147483647;
			files = (
				1541A36B1E5BED4F00060466 /* playbyplayTests.swift in Sources */,
			);
			runOnlyForDeploymentPostprocessing = 0;
		};
		1541A36D1E5BED4F00060466 /* Sources */ = {
			isa = PBXSourcesBuildPhase;
			buildActionMask = 2147483647;
			files = (
				1541A3761E5BED4F00060466 /* playbyplayUITests.swift in Sources */,
			);
			runOnlyForDeploymentPostprocessing = 0;
		};
/* End PBXSourcesBuildPhase section */

/* Begin PBXTargetDependency section */
		1541A3681E5BED4F00060466 /* PBXTargetDependency */ = {
			isa = PBXTargetDependency;
			target = 1541A3511E5BED4E00060466 /* playbyplay */;
			targetProxy = 1541A3671E5BED4F00060466 /* PBXContainerItemProxy */;
		};
		1541A3731E5BED4F00060466 /* PBXTargetDependency */ = {
			isa = PBXTargetDependency;
			target = 1541A3511E5BED4E00060466 /* playbyplay */;
			targetProxy = 1541A3721E5BED4F00060466 /* PBXContainerItemProxy */;
		};
/* End PBXTargetDependency section */

/* Begin PBXVariantGroup section */
		1541A35E1E5BED4E00060466 /* LaunchScreen.storyboard */ = {
			isa = PBXVariantGroup;
			children = (
				1541A35F1E5BED4E00060466 /* Base */,
			);
			name = LaunchScreen.storyboard;
			sourceTree = "<group>";
		};
		15A19D961E651AFB00839B51 /* Main.storyboard */ = {
			isa = PBXVariantGroup;
			children = (
				15A19D971E651AFB00839B51 /* Base */,
			);
			name = Main.storyboard;
			sourceTree = "<group>";
		};
/* End PBXVariantGroup section */

/* Begin XCBuildConfiguration section */
		1541A3781E5BED4F00060466 /* Debug */ = {
			isa = XCBuildConfiguration;
			buildSettings = {
				ALWAYS_SEARCH_USER_PATHS = NO;
				CLANG_ANALYZER_NONNULL = YES;
				CLANG_CXX_LANGUAGE_STANDARD = "gnu++0x";
				CLANG_CXX_LIBRARY = "libc++";
				CLANG_ENABLE_MODULES = YES;
				CLANG_ENABLE_OBJC_ARC = YES;
				CLANG_WARN_BOOL_CONVERSION = YES;
				CLANG_WARN_CONSTANT_CONVERSION = YES;
				CLANG_WARN_DIRECT_OBJC_ISA_USAGE = YES_ERROR;
				CLANG_WARN_DOCUMENTATION_COMMENTS = YES;
				CLANG_WARN_EMPTY_BODY = YES;
				CLANG_WARN_ENUM_CONVERSION = YES;
				CLANG_WARN_INFINITE_RECURSION = YES;
				CLANG_WARN_INT_CONVERSION = YES;
				CLANG_WARN_OBJC_ROOT_CLASS = YES_ERROR;
				CLANG_WARN_SUSPICIOUS_MOVE = YES;
				CLANG_WARN_UNREACHABLE_CODE = YES;
				CLANG_WARN__DUPLICATE_METHOD_MATCH = YES;
				"CODE_SIGN_IDENTITY[sdk=iphoneos*]" = "iPhone Developer";
				COPY_PHASE_STRIP = NO;
				DEBUG_INFORMATION_FORMAT = dwarf;
				ENABLE_STRICT_OBJC_MSGSEND = YES;
				ENABLE_TESTABILITY = YES;
				GCC_C_LANGUAGE_STANDARD = gnu99;
				GCC_DYNAMIC_NO_PIC = NO;
				GCC_NO_COMMON_BLOCKS = YES;
				GCC_OPTIMIZATION_LEVEL = 0;
				GCC_PREPROCESSOR_DEFINITIONS = (
					"DEBUG=1",
					"$(inherited)",
				);
				GCC_WARN_64_TO_32_BIT_CONVERSION = YES;
				GCC_WARN_ABOUT_RETURN_TYPE = YES_ERROR;
				GCC_WARN_UNDECLARED_SELECTOR = YES;
				GCC_WARN_UNINITIALIZED_AUTOS = YES_AGGRESSIVE;
				GCC_WARN_UNUSED_FUNCTION = YES;
				GCC_WARN_UNUSED_VARIABLE = YES;
				IPHONEOS_DEPLOYMENT_TARGET = 10.2;
				MTL_ENABLE_DEBUG_INFO = YES;
				ONLY_ACTIVE_ARCH = YES;
				SDKROOT = iphoneos;
				SWIFT_ACTIVE_COMPILATION_CONDITIONS = DEBUG;
				SWIFT_OPTIMIZATION_LEVEL = "-Onone";
				TARGETED_DEVICE_FAMILY = "1,2";
			};
			name = Debug;
		};
		1541A3791E5BED4F00060466 /* Release */ = {
			isa = XCBuildConfiguration;
			buildSettings = {
				ALWAYS_SEARCH_USER_PATHS = NO;
				CLANG_ANALYZER_NONNULL = YES;
				CLANG_CXX_LANGUAGE_STANDARD = "gnu++0x";
				CLANG_CXX_LIBRARY = "libc++";
				CLANG_ENABLE_MODULES = YES;
				CLANG_ENABLE_OBJC_ARC = YES;
				CLANG_WARN_BOOL_CONVERSION = YES;
				CLANG_WARN_CONSTANT_CONVERSION = YES;
				CLANG_WARN_DIRECT_OBJC_ISA_USAGE = YES_ERROR;
				CLANG_WARN_DOCUMENTATION_COMMENTS = YES;
				CLANG_WARN_EMPTY_BODY = YES;
				CLANG_WARN_ENUM_CONVERSION = YES;
				CLANG_WARN_INFINITE_RECURSION = YES;
				CLANG_WARN_INT_CONVERSION = YES;
				CLANG_WARN_OBJC_ROOT_CLASS = YES_ERROR;
				CLANG_WARN_SUSPICIOUS_MOVE = YES;
				CLANG_WARN_UNREACHABLE_CODE = YES;
				CLANG_WARN__DUPLICATE_METHOD_MATCH = YES;
				"CODE_SIGN_IDENTITY[sdk=iphoneos*]" = "iPhone Developer";
				COPY_PHASE_STRIP = NO;
				DEBUG_INFORMATION_FORMAT = "dwarf-with-dsym";
				ENABLE_NS_ASSERTIONS = NO;
				ENABLE_STRICT_OBJC_MSGSEND = YES;
				GCC_C_LANGUAGE_STANDARD = gnu99;
				GCC_NO_COMMON_BLOCKS = YES;
				GCC_WARN_64_TO_32_BIT_CONVERSION = YES;
				GCC_WARN_ABOUT_RETURN_TYPE = YES_ERROR;
				GCC_WARN_UNDECLARED_SELECTOR = YES;
				GCC_WARN_UNINITIALIZED_AUTOS = YES_AGGRESSIVE;
				GCC_WARN_UNUSED_FUNCTION = YES;
				GCC_WARN_UNUSED_VARIABLE = YES;
				IPHONEOS_DEPLOYMENT_TARGET = 10.2;
				MTL_ENABLE_DEBUG_INFO = NO;
				SDKROOT = iphoneos;
				SWIFT_OPTIMIZATION_LEVEL = "-Owholemodule";
				TARGETED_DEVICE_FAMILY = "1,2";
				VALIDATE_PRODUCT = YES;
			};
			name = Release;
		};
		1541A37B1E5BED4F00060466 /* Debug */ = {
			isa = XCBuildConfiguration;
			baseConfigurationReference = 517BFF37EC41F5360BB0ABE5 /* Pods-playbyplay.debug.xcconfig */;
			buildSettings = {
				ASSETCATALOG_COMPILER_APPICON_NAME = AppIcon;
				DEVELOPMENT_TEAM = C6HA8VBK98;
				INFOPLIST_FILE = playbyplay/Info.plist;
				IPHONEOS_DEPLOYMENT_TARGET = 10.0;
				LD_RUNPATH_SEARCH_PATHS = "$(inherited) @executable_path/Frameworks";
				OTHER_LDFLAGS = "$(inherited)";
				PRODUCT_BUNDLE_IDENTIFIER = com.ryanrizzo.playbyplay;
				PRODUCT_NAME = "$(TARGET_NAME)";
				SWIFT_VERSION = 3.0;
				TARGETED_DEVICE_FAMILY = 1;
			};
			name = Debug;
		};
		1541A37C1E5BED4F00060466 /* Release */ = {
			isa = XCBuildConfiguration;
			baseConfigurationReference = 3FAE985DD58695F15CAE929B /* Pods-playbyplay.release.xcconfig */;
			buildSettings = {
				ASSETCATALOG_COMPILER_APPICON_NAME = AppIcon;
				DEVELOPMENT_TEAM = C6HA8VBK98;
				INFOPLIST_FILE = playbyplay/Info.plist;
				IPHONEOS_DEPLOYMENT_TARGET = 10.0;
				LD_RUNPATH_SEARCH_PATHS = "$(inherited) @executable_path/Frameworks";
				OTHER_LDFLAGS = "$(inherited)";
				PRODUCT_BUNDLE_IDENTIFIER = com.ryanrizzo.playbyplay;
				PRODUCT_NAME = "$(TARGET_NAME)";
				SWIFT_VERSION = 3.0;
				TARGETED_DEVICE_FAMILY = 1;
			};
			name = Release;
		};
		1541A37E1E5BED4F00060466 /* Debug */ = {
			isa = XCBuildConfiguration;
			baseConfigurationReference = 59362CBE36D2004B79A0B273 /* Pods-playbyplayTests.debug.xcconfig */;
			buildSettings = {
				ALWAYS_EMBED_SWIFT_STANDARD_LIBRARIES = YES;
				BUNDLE_LOADER = "$(TEST_HOST)";
				DEVELOPMENT_TEAM = C6HA8VBK98;
				INFOPLIST_FILE = playbyplayTests/Info.plist;
				LD_RUNPATH_SEARCH_PATHS = "$(inherited) @executable_path/Frameworks @loader_path/Frameworks";
				PRODUCT_BUNDLE_IDENTIFIER = com.ryanrizzo.playbyplayTests;
				PRODUCT_NAME = "$(TARGET_NAME)";
				SWIFT_VERSION = 3.0;
				TEST_HOST = "$(BUILT_PRODUCTS_DIR)/playbyplay.app/playbyplay";
			};
			name = Debug;
		};
		1541A37F1E5BED4F00060466 /* Release */ = {
			isa = XCBuildConfiguration;
			baseConfigurationReference = 0ED85E79B8D431BD8D56B971 /* Pods-playbyplayTests.release.xcconfig */;
			buildSettings = {
				ALWAYS_EMBED_SWIFT_STANDARD_LIBRARIES = YES;
				BUNDLE_LOADER = "$(TEST_HOST)";
				DEVELOPMENT_TEAM = C6HA8VBK98;
				INFOPLIST_FILE = playbyplayTests/Info.plist;
				LD_RUNPATH_SEARCH_PATHS = "$(inherited) @executable_path/Frameworks @loader_path/Frameworks";
				PRODUCT_BUNDLE_IDENTIFIER = com.ryanrizzo.playbyplayTests;
				PRODUCT_NAME = "$(TARGET_NAME)";
				SWIFT_VERSION = 3.0;
				TEST_HOST = "$(BUILT_PRODUCTS_DIR)/playbyplay.app/playbyplay";
			};
			name = Release;
		};
		1541A3811E5BED4F00060466 /* Debug */ = {
			isa = XCBuildConfiguration;
			baseConfigurationReference = E8A92DC6A9984CB81D18BEAD /* Pods-playbyplayUITests.debug.xcconfig */;
			buildSettings = {
				ALWAYS_EMBED_SWIFT_STANDARD_LIBRARIES = YES;
				DEVELOPMENT_TEAM = C6HA8VBK98;
				INFOPLIST_FILE = playbyplayUITests/Info.plist;
				LD_RUNPATH_SEARCH_PATHS = "$(inherited) @executable_path/Frameworks @loader_path/Frameworks";
				PRODUCT_BUNDLE_IDENTIFIER = com.ryanrizzo.playbyplayUITests;
				PRODUCT_NAME = "$(TARGET_NAME)";
				SWIFT_VERSION = 3.0;
				TEST_TARGET_NAME = playbyplay;
			};
			name = Debug;
		};
		1541A3821E5BED4F00060466 /* Release */ = {
			isa = XCBuildConfiguration;
			baseConfigurationReference = A1E2E414186F94C5293A412F /* Pods-playbyplayUITests.release.xcconfig */;
			buildSettings = {
				ALWAYS_EMBED_SWIFT_STANDARD_LIBRARIES = YES;
				DEVELOPMENT_TEAM = C6HA8VBK98;
				INFOPLIST_FILE = playbyplayUITests/Info.plist;
				LD_RUNPATH_SEARCH_PATHS = "$(inherited) @executable_path/Frameworks @loader_path/Frameworks";
				PRODUCT_BUNDLE_IDENTIFIER = com.ryanrizzo.playbyplayUITests;
				PRODUCT_NAME = "$(TARGET_NAME)";
				SWIFT_VERSION = 3.0;
				TEST_TARGET_NAME = playbyplay;
			};
			name = Release;
		};
/* End XCBuildConfiguration section */

/* Begin XCConfigurationList section */
		1541A34D1E5BED4E00060466 /* Build configuration list for PBXProject "playbyplay" */ = {
			isa = XCConfigurationList;
			buildConfigurations = (
				1541A3781E5BED4F00060466 /* Debug */,
				1541A3791E5BED4F00060466 /* Release */,
			);
			defaultConfigurationIsVisible = 0;
			defaultConfigurationName = Release;
		};
		1541A37A1E5BED4F00060466 /* Build configuration list for PBXNativeTarget "playbyplay" */ = {
			isa = XCConfigurationList;
			buildConfigurations = (
				1541A37B1E5BED4F00060466 /* Debug */,
				1541A37C1E5BED4F00060466 /* Release */,
			);
			defaultConfigurationIsVisible = 0;
			defaultConfigurationName = Release;
		};
		1541A37D1E5BED4F00060466 /* Build configuration list for PBXNativeTarget "playbyplayTests" */ = {
			isa = XCConfigurationList;
			buildConfigurations = (
				1541A37E1E5BED4F00060466 /* Debug */,
				1541A37F1E5BED4F00060466 /* Release */,
			);
			defaultConfigurationIsVisible = 0;
			defaultConfigurationName = Release;
		};
		1541A3801E5BED4F00060466 /* Build configuration list for PBXNativeTarget "playbyplayUITests" */ = {
			isa = XCConfigurationList;
			buildConfigurations = (
				1541A3811E5BED4F00060466 /* Debug */,
				1541A3821E5BED4F00060466 /* Release */,
			);
			defaultConfigurationIsVisible = 0;
			defaultConfigurationName = Release;
		};
/* End XCConfigurationList section */
	};
	rootObject = 1541A34A1E5BED4E00060466 /* Project object */;
}
